
Microsoft Visual Studio Solution File, Format Version 12.00
# Visual Studio Version 16
VisualStudioVersion = 16.0.30804.86
MinimumVisualStudioVersion = 10.0.40219.1
Project("{2150E333-8FDC-42A3-9474-1A3956D46DE8}") = "src", "src", "{46CF264F-BE4E-4049-BEB4-AE3E34F7FC53}"
EndProject
Project("{2150E333-8FDC-42A3-9474-1A3956D46DE8}") = "1 - Presentation", "1 - Presentation", "{2D37D2E4-8708-4112-8984-96DDF196DE00}"
EndProject
Project("{2150E333-8FDC-42A3-9474-1A3956D46DE8}") = "2 - Services", "2 - Services", "{AD05B20B-F8A5-4EA1-B757-CA8C615A6DEB}"
EndProject
Project("{2150E333-8FDC-42A3-9474-1A3956D46DE8}") = "3 - Application", "3 - Application", "{0C32D93C-C047-4D8C-A419-65A399F0A8D6}"
EndProject
Project("{2150E333-8FDC-42A3-9474-1A3956D46DE8}") = "4 - Domain", "4 - Domain", "{2CFE96CA-E2EF-45BF-B6C1-C3E10DFBB6D1}"
EndProject
Project("{2150E333-8FDC-42A3-9474-1A3956D46DE8}") = "5 - Infrastructure", "5 - Infrastructure", "{94BDF27A-0C6D-45A6-9B38-7389C187A3FF}"
EndProject
Project("{9A19103F-16F7-4668-BE54-9A1E7A4F7556}") = "DHS.Application", "DHS.Application\DHS.Application.csproj", "{A337C857-F6F1-413A-9E40-A36034ECBEDE}"
EndProject
Project("{9A19103F-16F7-4668-BE54-9A1E7A4F7556}") = "DHS.Domain", "DHS.Domain\DHS.Domain.csproj", "{D5E59CFA-9ED3-41A0-A992-5DDE740D8550}"
EndProject
Project("{2150E333-8FDC-42A3-9474-1A3956D46DE8}") = "5.1 Data", "5.1 Data", "{696BA634-604C-4F9B-AA96-3A1F2445BCAD}"
EndProject
Project("{2150E333-8FDC-42A3-9474-1A3956D46DE8}") = "5.1 Crosscutting", "5.1 Crosscutting", "{7159195C-1380-4B82-8047-F877C1B92909}"
EndProject
Project("{9A19103F-16F7-4668-BE54-9A1E7A4F7556}") = "DHS.Infrastructure.Data", "DHS.Infrastructure.Data\DHS.Infrastructure.Data.csproj", "{2399B606-BDE8-4AB3-B69F-6709EABD4418}"
EndProject
Project("{9A19103F-16F7-4668-BE54-9A1E7A4F7556}") = "DHS.Domain.Core", "DHS.Domain.Core\DHS.Domain.Core.csproj", "{D0360D4F-AF02-48E0-84B1-78368B74B13F}"
EndProject
Project("{9A19103F-16F7-4668-BE54-9A1E7A4F7556}") = "DHS.Infrastructure.Crosscutting", "DHS.Infrastructure.CrossCutting\DHS.Infrastructure.Crosscutting.csproj", "{70730B17-BE46-4BB7-97E6-5438D95D3153}"
EndProject
Project("{9A19103F-16F7-4668-BE54-9A1E7A4F7556}") = "DHS.Presentation.Web", "DHS.Presentation.Web\DHS.Presentation.Web.csproj", "{09EF2AC7-8712-433E-B94D-A3EC5D345600}"
EndProject
Global
	GlobalSection(SolutionConfigurationPlatforms) = preSolution
		Debug|Any CPU = Debug|Any CPU
		Release|Any CPU = Release|Any CPU
	EndGlobalSection
	GlobalSection(ProjectConfigurationPlatforms) = postSolution
		{A337C857-F6F1-413A-9E40-A36034ECBEDE}.Debug|Any CPU.ActiveCfg = Debug|Any CPU
		{A337C857-F6F1-413A-9E40-A36034ECBEDE}.Debug|Any CPU.Build.0 = Debug|Any CPU
		{A337C857-F6F1-413A-9E40-A36034ECBEDE}.Release|Any CPU.ActiveCfg = Release|Any CPU
		{A337C857-F6F1-413A-9E40-A36034ECBEDE}.Release|Any CPU.Build.0 = Release|Any CPU
		{D5E59CFA-9ED3-41A0-A992-5DDE740D8550}.Debug|Any CPU.ActiveCfg = Debug|Any CPU
		{D5E59CFA-9ED3-41A0-A992-5DDE740D8550}.Debug|Any CPU.Build.0 = Debug|Any CPU
		{D5E59CFA-9ED3-41A0-A992-5DDE740D8550}.Release|Any CPU.ActiveCfg = Release|Any CPU
		{D5E59CFA-9ED3-41A0-A992-5DDE740D8550}.Release|Any CPU.Build.0 = Release|Any CPU
		{2399B606-BDE8-4AB3-B69F-6709EABD4418}.Debug|Any CPU.ActiveCfg = Debug|Any CPU
		{2399B606-BDE8-4AB3-B69F-6709EABD4418}.Debug|Any CPU.Build.0 = Debug|Any CPU
		{2399B606-BDE8-4AB3-B69F-6709EABD4418}.Release|Any CPU.ActiveCfg = Release|Any CPU
		{2399B606-BDE8-4AB3-B69F-6709EABD4418}.Release|Any CPU.Build.0 = Release|Any CPU
		{D0360D4F-AF02-48E0-84B1-78368B74B13F}.Debug|Any CPU.ActiveCfg = Debug|Any CPU
		{D0360D4F-AF02-48E0-84B1-78368B74B13F}.Debug|Any CPU.Build.0 = Debug|Any CPU
		{D0360D4F-AF02-48E0-84B1-78368B74B13F}.Release|Any CPU.ActiveCfg = Release|Any CPU
		{D0360D4F-AF02-48E0-84B1-78368B74B13F}.Release|Any CPU.Build.0 = Release|Any CPU
		{70730B17-BE46-4BB7-97E6-5438D95D3153}.Debug|Any CPU.ActiveCfg = Debug|Any CPU
		{70730B17-BE46-4BB7-97E6-5438D95D3153}.Debug|Any CPU.Build.0 = Debug|Any CPU
		{70730B17-BE46-4BB7-97E6-5438D95D3153}.Release|Any CPU.ActiveCfg = Release|Any CPU
		{70730B17-BE46-4BB7-97E6-5438D95D3153}.Release|Any CPU.Build.0 = Release|Any CPU
		{09EF2AC7-8712-433E-B94D-A3EC5D345600}.Debug|Any CPU.ActiveCfg = Debug|Any CPU
		{09EF2AC7-8712-433E-B94D-A3EC5D345600}.Debug|Any CPU.Build.0 = Debug|Any CPU
		{09EF2AC7-8712-433E-B94D-A3EC5D345600}.Release|Any CPU.ActiveCfg = Release|Any CPU
		{09EF2AC7-8712-433E-B94D-A3EC5D345600}.Release|Any CPU.Build.0 = Release|Any CPU
	EndGlobalSection
	GlobalSection(SolutionProperties) = preSolution
		HideSolutionNode = FALSE
	EndGlobalSection
	GlobalSection(NestedProjects) = preSolution
		{2D37D2E4-8708-4112-8984-96DDF196DE00} = {46CF264F-BE4E-4049-BEB4-AE3E34F7FC53}
		{AD05B20B-F8A5-4EA1-B757-CA8C615A6DEB} = {46CF264F-BE4E-4049-BEB4-AE3E34F7FC53}
		{0C32D93C-C047-4D8C-A419-65A399F0A8D6} = {46CF264F-BE4E-4049-BEB4-AE3E34F7FC53}
		{2CFE96CA-E2EF-45BF-B6C1-C3E10DFBB6D1} = {46CF264F-BE4E-4049-BEB4-AE3E34F7FC53}
		{94BDF27A-0C6D-45A6-9B38-7389C187A3FF} = {46CF264F-BE4E-4049-BEB4-AE3E34F7FC53}
		{A337C857-F6F1-413A-9E40-A36034ECBEDE} = {0C32D93C-C047-4D8C-A419-65A399F0A8D6}
		{D5E59CFA-9ED3-41A0-A992-5DDE740D8550} = {2CFE96CA-E2EF-45BF-B6C1-C3E10DFBB6D1}
		{696BA634-604C-4F9B-AA96-3A1F2445BCAD} = {94BDF27A-0C6D-45A6-9B38-7389C187A3FF}
		{7159195C-1380-4B82-8047-F877C1B92909} = {94BDF27A-0C6D-45A6-9B38-7389C187A3FF}
		{2399B606-BDE8-4AB3-B69F-6709EABD4418} = {696BA634-604C-4F9B-AA96-3A1F2445BCAD}
		{D0360D4F-AF02-48E0-84B1-78368B74B13F} = {2CFE96CA-E2EF-45BF-B6C1-C3E10DFBB6D1}
		{70730B17-BE46-4BB7-97E6-5438D95D3153} = {7159195C-1380-4B82-8047-F877C1B92909}
		{09EF2AC7-8712-433E-B94D-A3EC5D345600} = {2D37D2E4-8708-4112-8984-96DDF196DE00}
	EndGlobalSection
	GlobalSection(ExtensibilityGlobals) = postSolution
		SolutionGuid = {B0295C62-5CF2-454B-BEA4-5FD418138AB3}
	EndGlobalSection
EndGlobal
